Microsoft Visual Studio Solution File, Format Version 11.00
# Visual Studio 2008

Project("{0FBD1776-E1AD-22C5-9A70-80D35C7FD4DB}") = "]", "Assembly-CSharp.csproj", "{89FE1616-13B9-45B0-FF13-DB9100512334}"
EndProject
Project("{0FBD1776-E1AD-22C5-9A70-80D35C7FD4DB}") = "]", "Assembly-CSharp-Editor.csproj", "{6A2BF539-BA01-E742-5F0C-EEB4E5F00645}"
EndProject
Global
	GlobalSection(SolutionConfigurationPlatforms) = preSolution
		Debug|Any CPU = Debug|Any CPU
		Release|Any CPU = Release|Any CPU
	EndGlobalSection
	GlobalSection(ProjectConfigurationPlatforms) = postSolution
		{89FE1616-13B9-45B0-FF13-DB9100512334}.Debug|Any CPU.ActiveCfg = Debug|Any CPU
		{89FE1616-13B9-45B0-FF13-DB9100512334}.Debug|Any CPU.Build.0 = Debug|Any CPU
		{89FE1616-13B9-45B0-FF13-DB9100512334}.Release|Any CPU.ActiveCfg = Release|Any CPU
		{89FE1616-13B9-45B0-FF13-DB9100512334}.Release|Any CPU.Build.0 = Release|Any CPU
		{6A2BF539-BA01-E742-5F0C-EEB4E5F00645}.Debug|Any CPU.ActiveCfg = Debug|Any CPU
		{6A2BF539-BA01-E742-5F0C-EEB4E5F00645}.Debug|Any CPU.Build.0 = Debug|Any CPU
		{6A2BF539-BA01-E742-5F0C-EEB4E5F00645}.Release|Any CPU.ActiveCfg = Release|Any CPU
		{6A2BF539-BA01-E742-5F0C-EEB4E5F00645}.Release|Any CPU.Build.0 = Release|Any CPU
	EndGlobalSection
	GlobalSection(SolutionProperties) = preSolution
		HideSolutionNode = FALSE
	EndGlobalSection
	GlobalSection(MonoDevelopProperties) = preSolution
		StartupItem = Assembly-CSharp.csproj
	EndGlobalSection
EndGlobal
